// !$*UTF8*$!
{
	archiveVersion = 1;
	classes = {
	};
	objectVersion = 56;
	objects = {

/* Begin PBXBuildFile section */
		5C2496192C74D437009D4E24 /* GetNearbyActivityApp.swift in Sources */ = {isa = PBXBuildFile; fileRef = 5C2496182C74D437009D4E24 /* GetNearbyActivityApp.swift */; };
		5C24961B2C74D437009D4E24 /* ContentView.swift in Sources */ = {isa = PBXBuildFile; fileRef = 5C24961A2C74D437009D4E24 /* ContentView.swift */; };
		5C24961D2C74D438009D4E24 /* Assets.xcassets in Resources */ = {isa = PBXBuildFile; fileRef = 5C24961C2C74D438009D4E24 /* Assets.xcassets */; };
		5C2496202C74D438009D4E24 /* Preview Assets.xcassets in Resources */ = {isa = PBXBuildFile; fileRef = 5C24961F2C74D438009D4E24 /* Preview Assets.xcassets */; };
		5C2496262C74D438009D4E24 /* GetNearbyActivity Watch App.app in Embed Watch Content */ = {isa = PBXBuildFile; fileRef = 5C2496252C74D438009D4E24 /* GetNearbyActivity Watch App.app */; settings = {ATTRIBUTES = (RemoveHeadersOnCopy, ); }; };
		5C24962B2C74D438009D4E24 /* GetNearbyActivityApp.swift in Sources */ = {isa = PBXBuildFile; fileRef = 5C24962A2C74D438009D4E24 /* GetNearbyActivityApp.swift */; };
		5C24962D2C74D438009D4E24 /* ContentView.swift in Sources */ = {isa = PBXBuildFile; fileRef = 5C24962C2C74D438009D4E24 /* ContentView.swift */; };
		5C24962F2C74D439009D4E24 /* Assets.xcassets in Resources */ = {isa = PBXBuildFile; fileRef = 5C24962E2C74D439009D4E24 /* Assets.xcassets */; };
		5C2496322C74D439009D4E24 /* Preview Assets.xcassets in Resources */ = {isa = PBXBuildFile; fileRef = 5C2496312C74D439009D4E24 /* Preview Assets.xcassets */; };
		5CFA5A9A2C7A1B29000B1CE1 /* ActivitiesModel.swift in Sources */ = {isa = PBXBuildFile; fileRef = 5C24963C2C74D507009D4E24 /* ActivitiesModel.swift */; };
		5CFA5A9B2C7A1B2B000B1CE1 /* NetworkManager.swift in Sources */ = {isa = PBXBuildFile; fileRef = 5C2496402C74E731009D4E24 /* NetworkManager.swift */; };
		5CFA5A9C2C7A1B2C000B1CE1 /* LocationManager.swift in Sources */ = {isa = PBXBuildFile; fileRef = 5C24963E2C74DC91009D4E24 /* LocationManager.swift */; };
		5CFA5A9E2C7A2121000B1CE1 /* LocationManager.swift in Sources */ = {isa = PBXBuildFile; fileRef = 5CFA5A9D2C7A2121000B1CE1 /* LocationManager.swift */; };
		5CFA5AA02C7A2191000B1CE1 /* NetworkManager.swift in Sources */ = {isa = PBXBuildFile; fileRef = 5CFA5A9F2C7A2191000B1CE1 /* NetworkManager.swift */; };
		5CFA5AA22C7A21A9000B1CE1 /* ActivitiesModel.swift in Sources */ = {isa = PBXBuildFile; fileRef = 5CFA5AA12C7A21A9000B1CE1 /* ActivitiesModel.swift */; };
		5CFA5AA62C7A2E13000B1CE1 /* SDWebImageLottieCoder in Frameworks */ = {isa = PBXBuildFile; productRef = 5CFA5AA52C7A2E13000B1CE1 /* SDWebImageLottieCoder */; };
		5CFA5AA82C7A2E42000B1CE1 /* LottieViewModel.swift in Sources */ = {isa = PBXBuildFile; fileRef = 5CFA5AA72C7A2E42000B1CE1 /* LottieViewModel.swift */; };
		5CFA5AAA2C7A3151000B1CE1 /* ListRowView.swift in Sources */ = {isa = PBXBuildFile; fileRef = 5CFA5AA92C7A3151000B1CE1 /* ListRowView.swift */; };
/* End PBXBuildFile section */

/* Begin PBXContainerItemProxy section */
		5C2496272C74D438009D4E24 /* PBXContainerItemProxy */ = {
			isa = PBXContainerItemProxy;
			containerPortal = 5C24960D2C74D437009D4E24 /* Project object */;
			proxyType = 1;
			remoteGlobalIDString = 5C2496242C74D438009D4E24;
			remoteInfo = "GetNearbyActivity Watch App";
		};
/* End PBXContainerItemProxy section */

/* Begin PBXCopyFilesBuildPhase section */
		5C2496382C74D439009D4E24 /* Embed Watch Content */ = {
			isa = PBXCopyFilesBuildPhase;
			buildActionMask = 2147483647;
			dstPath = "$(CONTENTS_FOLDER_PATH)/Watch";
			dstSubfolderSpec = 16;
			files = (
				5C2496262C74D438009D4E24 /* GetNearbyActivity Watch App.app in Embed Watch Content */,
			);
			name = "Embed Watch Content";
			runOnlyForDeploymentPostprocessing = 0;
		};
/* End PBXCopyFilesBuildPhase section */

/* Begin PBXFileReference section */
		5C2496152C74D437009D4E24 /* GetNearbyActivity.app */ = {isa = PBXFileReference; explicitFileType = wrapper.application; includeInIndex = 0; path = GetNearbyActivity.app; sourceTree = BUILT_PRODUCTS_DIR; };
		5C2496182C74D437009D4E24 /* GetNearbyActivityApp.swift */ = {isa = PBXFileReference; lastKnownFileType = sourcecode.swift; path = GetNearbyActivityApp.swift; sourceTree = "<group>"; };
		5C24961A2C74D437009D4E24 /* ContentView.swift */ = {isa = PBXFileReference; lastKnownFileType = sourcecode.swift; path = ContentView.swift; sourceTree = "<group>"; };
		5C24961C2C74D438009D4E24 /* Assets.xcassets */ = {isa = PBXFileReference; lastKnownFileType = folder.assetcatalog; path = Assets.xcassets; sourceTree = "<group>"; };
		5C24961F2C74D438009D4E24 /* Preview Assets.xcassets */ = {isa = PBXFileReference; lastKnownFileType = folder.assetcatalog; path = "Preview Assets.xcassets"; sourceTree = "<group>"; };
		5C2496252C74D438009D4E24 /* GetNearbyActivity Watch App.app */ = {isa = PBXFileReference; explicitFileType = wrapper.application; includeInIndex = 0; path = "GetNearbyActivity Watch App.app"; sourceTree = BUILT_PRODUCTS_DIR; };
		5C24962A2C74D438009D4E24 /* GetNearbyActivityApp.swift */ = {isa = PBXFileReference; lastKnownFileType = sourcecode.swift; path = GetNearbyActivityApp.swift; sourceTree = "<group>"; };
		5C24962C2C74D438009D4E24 /* ContentView.swift */ = {isa = PBXFileReference; lastKnownFileType = sourcecode.swift; path = ContentView.swift; sourceTree = "<group>"; };
		5C24962E2C74D439009D4E24 /* Assets.xcassets */ = {isa = PBXFileReference; lastKnownFileType = folder.assetcatalog; path = Assets.xcassets; sourceTree = "<group>"; };
		5C2496312C74D439009D4E24 /* Preview Assets.xcassets */ = {isa = PBXFileReference; lastKnownFileType = folder.assetcatalog; path = "Preview Assets.xcassets"; sourceTree = "<group>"; };
		5C24963C2C74D507009D4E24 /* ActivitiesModel.swift */ = {isa = PBXFileReference; lastKnownFileType = sourcecode.swift; path = ActivitiesModel.swift; sourceTree = "<group>"; };
		5C24963E2C74DC91009D4E24 /* LocationManager.swift */ = {isa = PBXFileReference; lastKnownFileType = sourcecode.swift; path = LocationManager.swift; sourceTree = "<group>"; };
		5C2496402C74E731009D4E24 /* NetworkManager.swift */ = {isa = PBXFileReference; lastKnownFileType = sourcecode.swift; path = NetworkManager.swift; sourceTree = "<group>"; };
		5CFA5A982C7A1AA9000B1CE1 /* Info.plist */ = {isa = PBXFileReference; lastKnownFileType = text.plist; path = Info.plist; sourceTree = "<group>"; };
		5CFA5A9D2C7A2121000B1CE1 /* LocationManager.swift */ = {isa = PBXFileReference; lastKnownFileType = sourcecode.swift; path = LocationManager.swift; sourceTree = "<group>"; };
		5CFA5A9F2C7A2191000B1CE1 /* NetworkManager.swift */ = {isa = PBXFileReference; lastKnownFileType = sourcecode.swift; path = NetworkManager.swift; sourceTree = "<group>"; };
		5CFA5AA12C7A21A9000B1CE1 /* ActivitiesModel.swift */ = {isa = PBXFileReference; lastKnownFileType = sourcecode.swift; path = ActivitiesModel.swift; sourceTree = "<group>"; };
		5CFA5AA32C7A24CC000B1CE1 /* GetNearbyActivity-Watch-App-Info.plist */ = {isa = PBXFileReference; lastKnownFileType = text.plist; path = "GetNearbyActivity-Watch-App-Info.plist"; sourceTree = SOURCE_ROOT; };
		5CFA5AA72C7A2E42000B1CE1 /* LottieViewModel.swift */ = {isa = PBXFileReference; lastKnownFileType = sourcecode.swift; path = LottieViewModel.swift; sourceTree = "<group>"; };
		5CFA5AA92C7A3151000B1CE1 /* ListRowView.swift */ = {isa = PBXFileReference; lastKnownFileType = sourcecode.swift; path = ListRowView.swift; sourceTree = "<group>"; };
/* End PBXFileReference section */

/* Begin PBXFrameworksBuildPhase section */
		5C2496122C74D437009D4E24 /* Frameworks */ = {
			isa = PBXFrameworksBuildPhase;
			buildActionMask = 2147483647;
			files = (
			);
			runOnlyForDeploymentPostprocessing = 0;
		};
		5C2496222C74D438009D4E24 /* Frameworks */ = {
			isa = PBXFrameworksBuildPhase;
			buildActionMask = 2147483647;
			files = (
				5CFA5AA62C7A2E13000B1CE1 /* SDWebImageLottieCoder in Frameworks */,
			);
			runOnlyForDeploymentPostprocessing = 0;
		};
/* End PBXFrameworksBuildPhase section */

/* Begin PBXGroup section */
		5C24960C2C74D437009D4E24 = {
			isa = PBXGroup;
			children = (
				5C2496172C74D437009D4E24 /* GetNearbyActivity */,
				5C2496292C74D438009D4E24 /* GetNearbyActivity Watch App */,
				5C2496162C74D437009D4E24 /* Products */,
			);
			sourceTree = "<group>";
		};
		5C2496162C74D437009D4E24 /* Products */ = {
			isa = PBXGroup;
			children = (
				5C2496152C74D437009D4E24 /* GetNearbyActivity.app */,
				5C2496252C74D438009D4E24 /* GetNearbyActivity Watch App.app */,
			);
			name = Products;
			sourceTree = "<group>";
		};
		5C2496172C74D437009D4E24 /* GetNearbyActivity */ = {
			isa = PBXGroup;
			children = (
				5CFA5A982C7A1AA9000B1CE1 /* Info.plist */,
				5C2496182C74D437009D4E24 /* GetNearbyActivityApp.swift */,
				5C24961A2C74D437009D4E24 /* ContentView.swift */,
				5CFA5A9D2C7A2121000B1CE1 /* LocationManager.swift */,
				5CFA5AA12C7A21A9000B1CE1 /* ActivitiesModel.swift */,
				5CFA5A9F2C7A2191000B1CE1 /* NetworkManager.swift */,
				5C24961C2C74D438009D4E24 /* Assets.xcassets */,
				5C24961E2C74D438009D4E24 /* Preview Content */,
			);
			path = GetNearbyActivity;
			sourceTree = "<group>";
		};
		5C24961E2C74D438009D4E24 /* Preview Content */ = {
			isa = PBXGroup;
			children = (
				5C24961F2C74D438009D4E24 /* Preview Assets.xcassets */,
			);
			path = "Preview Content";
			sourceTree = "<group>";
		};
		5C2496292C74D438009D4E24 /* GetNearbyActivity Watch App */ = {
			isa = PBXGroup;
			children = (
				5CFA5AA32C7A24CC000B1CE1 /* GetNearbyActivity-Watch-App-Info.plist */,
				5C24963C2C74D507009D4E24 /* ActivitiesModel.swift */,
				5CFA5AA72C7A2E42000B1CE1 /* LottieViewModel.swift */,
				5CFA5AA92C7A3151000B1CE1 /* ListRowView.swift */,
				5C24962A2C74D438009D4E24 /* GetNearbyActivityApp.swift */,
				5C24962C2C74D438009D4E24 /* ContentView.swift */,
				5C24963E2C74DC91009D4E24 /* LocationManager.swift */,
				5C2496402C74E731009D4E24 /* NetworkManager.swift */,
				5C24962E2C74D439009D4E24 /* Assets.xcassets */,
				5C2496302C74D439009D4E24 /* Preview Content */,
			);
			path = "GetNearbyActivity Watch App";
			sourceTree = "<group>";
		};
		5C2496302C74D439009D4E24 /* Preview Content */ = {
			isa = PBXGroup;
			children = (
				5C2496312C74D439009D4E24 /* Preview Assets.xcassets */,
			);
			path = "Preview Content";
			sourceTree = "<group>";
		};
/* End PBXGroup section */

/* Begin PBXNativeTarget section */
		5C2496142C74D437009D4E24 /* GetNearbyActivity */ = {
			isa = PBXNativeTarget;
			buildConfigurationList = 5C2496392C74D439009D4E24 /* Build configuration list for PBXNativeTarget "GetNearbyActivity" */;
			buildPhases = (
				5C2496112C74D437009D4E24 /* Sources */,
				5C2496122C74D437009D4E24 /* Frameworks */,
				5C2496132C74D437009D4E24 /* Resources */,
				5C2496382C74D439009D4E24 /* Embed Watch Content */,
			);
			buildRules = (
			);
			dependencies = (
				5C2496282C74D438009D4E24 /* PBXTargetDependency */,
			);
			name = GetNearbyActivity;
			productName = GetNearbyActivity;
			productReference = 5C2496152C74D437009D4E24 /* GetNearbyActivity.app */;
			productType = "com.apple.product-type.application";
		};
		5C2496242C74D438009D4E24 /* GetNearbyActivity Watch App */ = {
			isa = PBXNativeTarget;
			buildConfigurationList = 5C2496352C74D439009D4E24 /* Build configuration list for PBXNativeTarget "GetNearbyActivity Watch App" */;
			buildPhases = (
				5C2496212C74D438009D4E24 /* Sources */,
				5C2496222C74D438009D4E24 /* Frameworks */,
				5C2496232C74D438009D4E24 /* Resources */,
			);
			buildRules = (
			);
			dependencies = (
			);
			name = "GetNearbyActivity Watch App";
			packageProductDependencies = (
				5CFA5AA52C7A2E13000B1CE1 /* SDWebImageLottieCoder */,
			);
			productName = "GetNearbyActivity Watch App";
			productReference = 5C2496252C74D438009D4E24 /* GetNearbyActivity Watch App.app */;
			productType = "com.apple.product-type.application";
		};
/* End PBXNativeTarget section */

/* Begin PBXProject section */
		5C24960D2C74D437009D4E24 /* Project object */ = {
			isa = PBXProject;
			attributes = {
				BuildIndependentTargetsInParallel = 1;
				LastSwiftUpdateCheck = 1530;
				LastUpgradeCheck = 1530;
				TargetAttributes = {
					5C2496142C74D437009D4E24 = {
						CreatedOnToolsVersion = 15.3;
					};
					5C2496242C74D438009D4E24 = {
						CreatedOnToolsVersion = 15.3;
					};
				};
			};
			buildConfigurationList = 5C2496102C74D437009D4E24 /* Build configuration list for PBXProject "GetNearbyActivity" */;
			compatibilityVersion = "Xcode 14.0";
			developmentRegion = en;
			hasScannedForEncodings = 0;
			knownRegions = (
				en,
				Base,
			);
			mainGroup = 5C24960C2C74D437009D4E24;
			packageReferences = (
				5CFA5AA42C7A2E13000B1CE1 /* XCRemoteSwiftPackageReference "SDWebImageLottieCoder" */,
			);
			productRefGroup = 5C2496162C74D437009D4E24 /* Products */;
			projectDirPath = "";
			projectRoot = "";
			targets = (
				5C2496142C74D437009D4E24 /* GetNearbyActivity */,
				5C2496242C74D438009D4E24 /* GetNearbyActivity Watch App */,
			);
		};
/* End PBXProject section */

/* Begin PBXResourcesBuildPhase section */
		5C2496132C74D437009D4E24 /* Resources */ = {
			isa = PBXResourcesBuildPhase;
			buildActionMask = 2147483647;
			files = (
				5C2496202C74D438009D4E24 /* Preview Assets.xcassets in Resources */,
				5C24961D2C74D438009D4E24 /* Assets.xcassets in Resources */,
			);
			runOnlyForDeploymentPostprocessing = 0;
		};
		5C2496232C74D438009D4E24 /* Resources */ = {
			isa = PBXResourcesBuildPhase;
			buildActionMask = 2147483647;
			files = (
				5C2496322C74D439009D4E24 /* Preview Assets.xcassets in Resources */,
				5C24962F2C74D439009D4E24 /* Assets.xcassets in Resources */,
			);
			runOnlyForDeploymentPostprocessing = 0;
		};
/* End PBXResourcesBuildPhase section */

/* Begin PBXSourcesBuildPhase section */
		5C2496112C74D437009D4E24 /* Sources */ = {
			isa = PBXSourcesBuildPhase;
			buildActionMask = 2147483647;
			files = (
				5CFA5AA22C7A21A9000B1CE1 /* ActivitiesModel.swift in Sources */,
				5CFA5AA02C7A2191000B1CE1 /* NetworkManager.swift in Sources */,
				5C24961B2C74D437009D4E24 /* ContentView.swift in Sources */,
				5C2496192C74D437009D4E24 /* GetNearbyActivityApp.swift in Sources */,
				5CFA5A9E2C7A2121000B1CE1 /* LocationManager.swift in Sources */,
			);
			runOnlyForDeploymentPostprocessing = 0;
		};
		5C2496212C74D438009D4E24 /* Sources */ = {
			isa = PBXSourcesBuildPhase;
			buildActionMask = 2147483647;
			files = (
				5CFA5A9B2C7A1B2B000B1CE1 /* NetworkManager.swift in Sources */,
				5CFA5AAA2C7A3151000B1CE1 /* ListRowView.swift in Sources */,
				5CFA5A9A2C7A1B29000B1CE1 /* ActivitiesModel.swift in Sources */,
				5CFA5A9C2C7A1B2C000B1CE1 /* LocationManager.swift in Sources */,
				5C24962D2C74D438009D4E24 /* ContentView.swift in Sources */,
				5C24962B2C74D438009D4E24 /* GetNearbyActivityApp.swift in Sources */,
				5CFA5AA82C7A2E42000B1CE1 /* LottieViewModel.swift in Sources */,
			);
			runOnlyForDeploymentPostprocessing = 0;
		};
/* End PBXSourcesBuildPhase section */

/* Begin PBXTargetDependency section */
		5C2496282C74D438009D4E24 /* PBXTargetDependency */ = {
			isa = PBXTargetDependency;
			target = 5C2496242C74D438009D4E24 /* GetNearbyActivity Watch App */;
			targetProxy = 5C2496272C74D438009D4E24 /* PBXContainerItemProxy */;
		};
/* End PBXTargetDependency section */

/* Begin XCBuildConfiguration section */
		5C2496332C74D439009D4E24 /* Debug */ = {
			isa = XCBuildConfiguration;
			buildSettings = {
				ALWAYS_SEARCH_USER_PATHS = NO;
				ASSETCATALOG_COMPILER_GENERATE_SWIFT_ASSET_SYMBOL_EXTENSIONS = YES;
				CLANG_ANALYZER_NONNULL = YES;
				CLANG_ANALYZER_NUMBER_OBJECT_CONVERSION = YES_AGGRESSIVE;
				CLANG_CXX_LANGUAGE_STANDARD = "gnu++20";
				CLANG_ENABLE_MODULES = YES;
				CLANG_ENABLE_OBJC_ARC = YES;
				CLANG_ENABLE_OBJC_WEAK = YES;
				CLANG_WARN_BLOCK_CAPTURE_AUTORELEASING = YES;
				CLANG_WARN_BOOL_CONVERSION = YES;
				CLANG_WARN_COMMA = YES;
				CLANG_WARN_CONSTANT_CONVERSION = YES;
				CLANG_WARN_DEPRECATED_OBJC_IMPLEMENTATIONS = YES;
				CLANG_WARN_DIRECT_OBJC_ISA_USAGE = YES_ERROR;
				CLANG_WARN_DOCUMENTATION_COMMENTS = YES;
				CLANG_WARN_EMPTY_BODY = YES;
				CLANG_WARN_ENUM_CONVERSION = YES;
				CLANG_WARN_INFINITE_RECURSION = YES;
				CLANG_WARN_INT_CONVERSION = YES;
				CLANG_WARN_NON_LITERAL_NULL_CONVERSION = YES;
				CLANG_WARN_OBJC_IMPLICIT_RETAIN_SELF = YES;
				CLANG_WARN_OBJC_LITERAL_CONVERSION = YES;
				CLANG_WARN_OBJC_ROOT_CLASS = YES_ERROR;
				CLANG_WARN_QUOTED_INCLUDE_IN_FRAMEWORK_HEADER = YES;
				CLANG_WARN_RANGE_LOOP_ANALYSIS = YES;
				CLANG_WARN_STRICT_PROTOTYPES = YES;
				CLANG_WARN_SUSPICIOUS_MOVE = YES;
				CLANG_WARN_UNGUARDED_AVAILABILITY = YES_AGGRESSIVE;
				CLANG_WARN_UNREACHABLE_CODE = YES;
				CLANG_WARN__DUPLICATE_METHOD_MATCH = YES;
				COPY_PHASE_STRIP = NO;
				DEBUG_INFORMATION_FORMAT = dwarf;
				ENABLE_STRICT_OBJC_MSGSEND = YES;
				ENABLE_TESTABILITY = YES;
				ENABLE_USER_SCRIPT_SANDBOXING = YES;
				GCC_C_LANGUAGE_STANDARD = gnu17;
				GCC_DYNAMIC_NO_PIC = NO;
				GCC_NO_COMMON_BLOCKS = YES;
				GCC_OPTIMIZATION_LEVEL = 0;
				GCC_PREPROCESSOR_DEFINITIONS = (
					"DEBUG=1",
					"$(inherited)",
				);
				GCC_WARN_64_TO_32_BIT_CONVERSION = YES;
				GCC_WARN_ABOUT_RETURN_TYPE = YES_ERROR;
				GCC_WARN_UNDECLARED_SELECTOR = YES;
				GCC_WARN_UNINITIALIZED_AUTOS = YES_AGGRESSIVE;
				GCC_WARN_UNUSED_FUNCTION = YES;
				GCC_WARN_UNUSED_VARIABLE = YES;
				LOCALIZATION_PREFERS_STRING_CATALOGS = YES;
				MTL_ENABLE_DEBUG_INFO = INCLUDE_SOURCE;
				MTL_FAST_MATH = YES;
				ONLY_ACTIVE_ARCH = YES;
				SWIFT_ACTIVE_COMPILATION_CONDITIONS = "DEBUG $(inherited)";
				SWIFT_OPTIMIZATION_LEVEL = "-Onone";
			};
			name = Debug;
		};
		5C2496342C74D439009D4E24 /* Release */ = {
			isa = XCBuildConfiguration;
			buildSettings = {
				ALWAYS_SEARCH_USER_PATHS = NO;
				ASSETCATALOG_COMPILER_GENERATE_SWIFT_ASSET_SYMBOL_EXTENSIONS = YES;
				CLANG_ANALYZER_NONNULL = YES;
				CLANG_ANALYZER_NUMBER_OBJECT_CONVERSION = YES_AGGRESSIVE;
				CLANG_CXX_LANGUAGE_STANDARD = "gnu++20";
				CLANG_ENABLE_MODULES = YES;
				CLANG_ENABLE_OBJC_ARC = YES;
				CLANG_ENABLE_OBJC_WEAK = YES;
				CLANG_WARN_BLOCK_CAPTURE_AUTORELEASING = YES;
				CLANG_WARN_BOOL_CONVERSION = YES;
				CLANG_WARN_COMMA = YES;
				CLANG_WARN_CONSTANT_CONVERSION = YES;
				CLANG_WARN_DEPRECATED_OBJC_IMPLEMENTATIONS = YES;
				CLANG_WARN_DIRECT_OBJC_ISA_USAGE = YES_ERROR;
				CLANG_WARN_DOCUMENTATION_COMMENTS = YES;
				CLANG_WARN_EMPTY_BODY = YES;
				CLANG_WARN_ENUM_CONVERSION = YES;
				CLANG_WARN_INFINITE_RECURSION = YES;
				CLANG_WARN_INT_CONVERSION = YES;
				CLANG_WARN_NON_LITERAL_NULL_CONVERSION = YES;
				CLANG_WARN_OBJC_IMPLICIT_RETAIN_SELF = YES;
				CLANG_WARN_OBJC_LITERAL_CONVERSION = YES;
				CLANG_WARN_OBJC_ROOT_CLASS = YES_ERROR;
				CLANG_WARN_QUOTED_INCLUDE_IN_FRAMEWORK_HEADER = YES;
				CLANG_WARN_RANGE_LOOP_ANALYSIS = YES;
				CLANG_WARN_STRICT_PROTOTYPES = YES;
				CLANG_WARN_SUSPICIOUS_MOVE = YES;
				CLANG_WARN_UNGUARDED_AVAILABILITY = YES_AGGRESSIVE;
				CLANG_WARN_UNREACHABLE_CODE = YES;
				CLANG_WARN__DUPLICATE_METHOD_MATCH = YES;
				COPY_PHASE_STRIP = NO;
				DEBUG_INFORMATION_FORMAT = "dwarf-with-dsym";
				ENABLE_NS_ASSERTIONS = NO;
				ENABLE_STRICT_OBJC_MSGSEND = YES;
				ENABLE_USER_SCRIPT_SANDBOXING = YES;
				GCC_C_LANGUAGE_STANDARD = gnu17;
				GCC_NO_COMMON_BLOCKS = YES;
				GCC_WARN_64_TO_32_BIT_CONVERSION = YES;
				GCC_WARN_ABOUT_RETURN_TYPE = YES_ERROR;
				GCC_WARN_UNDECLARED_SELECTOR = YES;
				GCC_WARN_UNINITIALIZED_AUTOS = YES_AGGRESSIVE;
				GCC_WARN_UNUSED_FUNCTION = YES;
				GCC_WARN_UNUSED_VARIABLE = YES;
				LOCALIZATION_PREFERS_STRING_CATALOGS = YES;
				MTL_ENABLE_DEBUG_INFO = NO;
				MTL_FAST_MATH = YES;
				SWIFT_COMPILATION_MODE = wholemodule;
			};
			name = Release;
		};
		5C2496362C74D439009D4E24 /* Debug */ = {
			isa = XCBuildConfiguration;
			buildSettings = {
				ASSETCATALOG_COMPILER_APPICON_NAME = AppIcon;
				ASSETCATALOG_COMPILER_GLOBAL_ACCENT_COLOR_NAME = AccentColor;
				CODE_SIGN_STYLE = Automatic;
				CURRENT_PROJECT_VERSION = 1;
				DEVELOPMENT_ASSET_PATHS = "\"GetNearbyActivity Watch App/Preview Content\"";
				DEVELOPMENT_TEAM = 983X5T5WLQ;
				ENABLE_PREVIEWS = YES;
				GENERATE_INFOPLIST_FILE = YES;
				INFOPLIST_FILE = "GetNearbyActivity-Watch-App-Info.plist";
				INFOPLIST_KEY_CFBundleDisplayName = GetNearbyActivity;
				INFOPLIST_KEY_NSLocationAlwaysUsageDescription = "Can we use your location?";
				INFOPLIST_KEY_NSLocationWhenInUseUsageDescription = "Can you share your location?";
				INFOPLIST_KEY_UISupportedInterfaceOrientations = "UIInterfaceOrientationPortrait UIInterfaceOrientationPortraitUpsideDown";
				INFOPLIST_KEY_WKCompanionAppBundleIdentifier = pathakmanvendu.GetNearbyActivity;
				INFOPLIST_KEY_WKRunsIndependentlyOfCompanionApp = NO;
				LD_RUNPATH_SEARCH_PATHS = (
					"$(inherited)",
					"@executable_path/Frameworks",
				);
				MARKETING_VERSION = 1.0;
				PRODUCT_BUNDLE_IDENTIFIER = pathakmanvendu.GetNearbyActivity.watchkitapp;
				PRODUCT_NAME = "$(TARGET_NAME)";
				SDKROOT = watchos;
				SKIP_INSTALL = YES;
				SWIFT_EMIT_LOC_STRINGS = YES;
				SWIFT_VERSION = 5.0;
				TARGETED_DEVICE_FAMILY = 4;
				WATCHOS_DEPLOYMENT_TARGET = 10.2;
			};
			name = Debug;
		};
		5C2496372C74D439009D4E24 /* Release */ = {
			isa = XCBuildConfiguration;
			buildSettings = {
				ASSETCATALOG_COMPILER_APPICON_NAME = AppIcon;
				ASSETCATALOG_COMPILER_GLOBAL_ACCENT_COLOR_NAME = AccentColor;
				CODE_SIGN_STYLE = Automatic;
				CURRENT_PROJECT_VERSION = 1;
				DEVELOPMENT_ASSET_PATHS = "\"GetNearbyActivity Watch App/Preview Content\"";
				DEVELOPMENT_TEAM = 983X5T5WLQ;
				ENABLE_PREVIEWS = YES;
				GENERATE_INFOPLIST_FILE = YES;
				INFOPLIST_FILE = "GetNearbyActivity-Watch-App-Info.plist";
				INFOPLIST_KEY_CFBundleDisplayName = GetNearbyActivity;
				INFOPLIST_KEY_NSLocationAlwaysUsageDescription = "Can we use your location?";
				INFOPLIST_KEY_NSLocationWhenInUseUsageDescription = "Can you share your location?";
				INFOPLIST_KEY_UISupportedInterfaceOrientations = "UIInterfaceOrientationPortrait UIInterfaceOrientationPortraitUpsideDown";
				INFOPLIST_KEY_WKCompanionAppBundleIdentifier = pathakmanvendu.GetNearbyActivity;
				INFOPLIST_KEY_WKRunsIndependentlyOfCompanionApp = NO;
				LD_RUNPATH_SEARCH_PATHS = (
					"$(inherited)",
					"@executable_path/Frameworks",
				);
				MARKETING_VERSION = 1.0;
				PRODUCT_BUNDLE_IDENTIFIER = pathakmanvendu.GetNearbyActivity.watchkitapp;
				PRODUCT_NAME = "$(TARGET_NAME)";
				SDKROOT = watchos;
				SKIP_INSTALL = YES;
				SWIFT_EMIT_LOC_STRINGS = YES;
				SWIFT_VERSION = 5.0;
				TARGETED_DEVICE_FAMILY = 4;
				VALIDATE_PRODUCT = YES;
				WATCHOS_DEPLOYMENT_TARGET = 10.2;
			};
			name = Release;
		};
		5C24963A2C74D439009D4E24 /* Debug */ = {
			isa = XCBuildConfiguration;
			buildSettings = {
				ALWAYS_EMBED_SWIFT_STANDARD_LIBRARIES = YES;
				ASSETCATALOG_COMPILER_APPICON_NAME = AppIcon;
				ASSETCATALOG_COMPILER_GLOBAL_ACCENT_COLOR_NAME = AccentColor;
				CODE_SIGN_STYLE = Automatic;
				CURRENT_PROJECT_VERSION = 1;
				DEVELOPMENT_ASSET_PATHS = "\"GetNearbyActivity/Preview Content\"";
				DEVELOPMENT_TEAM = 983X5T5WLQ;
				ENABLE_PREVIEWS = YES;
				GENERATE_INFOPLIST_FILE = YES;
				INFOPLIST_FILE = GetNearbyActivity/Info.plist;
				INFOPLIST_KEY_CFBundleDisplayName = GetNearbyActivity;
				INFOPLIST_KEY_LSApplicationCategoryType = "";
				INFOPLIST_KEY_NSLocationWhenInUseUsageDescription = "Can we use your location?";
				INFOPLIST_KEY_UIApplicationSceneManifest_Generation = YES;
				INFOPLIST_KEY_UIApplicationSupportsIndirectInputEvents = YES;
				INFOPLIST_KEY_UILaunchScreen_Generation = YES;
				INFOPLIST_KEY_UISupportedInterfaceOrientations_iPad = "UIInterfaceOrientationPortrait UIInterfaceOrientationPortraitUpsideDown UIInterfaceOrientationLandscapeLeft UIInterfaceOrientationLandscapeRight";
				INFOPLIST_KEY_UISupportedInterfaceOrientations_iPhone = "UIInterfaceOrientationPortrait UIInterfaceOrientationLandscapeLeft UIInterfaceOrientationLandscapeRight";
				IPHONEOS_DEPLOYMENT_TARGET = 17.1;
				LD_RUNPATH_SEARCH_PATHS = (
					"$(inherited)",
					"@executable_path/Frameworks",
				);
				MARKETING_VERSION = 1.0;
				PRODUCT_BUNDLE_IDENTIFIER = pathakmanvendu.GetNearbyActivity;
				PRODUCT_NAME = "$(TARGET_NAME)";
				SDKROOT = iphoneos;
				SWIFT_EMIT_LOC_STRINGS = YES;
				SWIFT_VERSION = 5.0;
				TARGETED_DEVICE_FAMILY = "1,2";
			};
			name = Debug;
		};
		5C24963B2C74D439009D4E24 /* Release */ = {
			isa = XCBuildConfiguration;
			buildSettings = {
				ALWAYS_EMBED_SWIFT_STANDARD_LIBRARIES = YES;
				ASSETCATALOG_COMPILER_APPICON_NAME = AppIcon;
				ASSETCATALOG_COMPILER_GLOBAL_ACCENT_COLOR_NAME = AccentColor;
				CODE_SIGN_STYLE = Automatic;
				CURRENT_PROJECT_VERSION = 1;
				DEVELOPMENT_ASSET_PATHS = "\"GetNearbyActivity/Preview Content\"";
				DEVELOPMENT_TEAM = 983X5T5WLQ;
				ENABLE_PREVIEWS = YES;
				GENERATE_INFOPLIST_FILE = YES;
				INFOPLIST_FILE = GetNearbyActivity/Info.plist;
				INFOPLIST_KEY_CFBundleDisplayName = GetNearbyActivity;
				INFOPLIST_KEY_LSApplicationCategoryType = "";
				INFOPLIST_KEY_NSLocationWhenInUseUsageDescription = "Can we use your location?";
				INFOPLIST_KEY_UIApplicationSceneManifest_Generation = YES;
				INFOPLIST_KEY_UIApplicationSupportsIndirectInputEvents = YES;
				INFOPLIST_KEY_UILaunchScreen_Generation = YES;
				INFOPLIST_KEY_UISupportedInterfaceOrientations_iPad = "UIInterfaceOrientationPortrait UIInterfaceOrientationPortraitUpsideDown UIInterfaceOrientationLandscapeLeft UIInterfaceOrientationLandscapeRight";
				INFOPLIST_KEY_UISupportedInterfaceOrientations_iPhone = "UIInterfaceOrientationPortrait UIInterfaceOrientationLandscapeLeft UIInterfaceOrientationLandscapeRight";
				IPHONEOS_DEPLOYMENT_TARGET = 17.1;
				LD_RUNPATH_SEARCH_PATHS = (
					"$(inherited)",
					"@executable_path/Frameworks",
				);
				MARKETING_VERSION = 1.0;
				PRODUCT_BUNDLE_IDENTIFIER = pathakmanvendu.GetNearbyActivity;
				PRODUCT_NAME = "$(TARGET_NAME)";
				SDKROOT = iphoneos;
				SWIFT_EMIT_LOC_STRINGS = YES;
				SWIFT_VERSION = 5.0;
				TARGETED_DEVICE_FAMILY = "1,2";
				VALIDATE_PRODUCT = YES;
			};
			name = Release;
		};
/* End XCBuildConfiguration section */

/* Begin XCConfigurationList section */
		5C2496102C74D437009D4E24 /* Build configuration list for PBXProject "GetNearbyActivity" */ = {
			isa = XCConfigurationList;
			buildConfigurations = (
				5C2496332C74D439009D4E24 /* Debug */,
				5C2496342C74D439009D4E24 /* Release */,
			);
			defaultConfigurationIsVisible = 0;
			defaultConfigurationName = Release;
		};
		5C2496352C74D439009D4E24 /* Build configuration list for PBXNativeTarget "GetNearbyActivity Watch App" */ = {
			isa = XCConfigurationList;
			buildConfigurations = (
				5C2496362C74D439009D4E24 /* Debug */,
				5C2496372C74D439009D4E24 /* Release */,
			);
			defaultConfigurationIsVisible = 0;
			defaultConfigurationName = Release;
		};
		5C2496392C74D439009D4E24 /* Build configuration list for PBXNativeTarget "GetNearbyActivity" */ = {
			isa = XCConfigurationList;
			buildConfigurations = (
				5C24963A2C74D439009D4E24 /* Debug */,
				5C24963B2C74D439009D4E24 /* Release */,
			);
			defaultConfigurationIsVisible = 0;
			defaultConfigurationName = Release;
		};
/* End XCConfigurationList section */

/* Begin XCRemoteSwiftPackageReference section */
		5CFA5AA42C7A2E13000B1CE1 /* XCRemoteSwiftPackageReference "SDWebImageLottieCoder" */ = {
			isa = XCRemoteSwiftPackageReference;
			repositoryURL = "https://github.com/SDWebImage/SDWebImageLottieCoder.git";
			requirement = {
				kind = upToNextMajorVersion;
				minimumVersion = 0.2.0;
			};
		};
/* End XCRemoteSwiftPackageReference section */

/* Begin XCSwiftPackageProductDependency section */
		5CFA5AA52C7A2E13000B1CE1 /* SDWebImageLottieCoder */ = {
			isa = XCSwiftPackageProductDependency;
			package = 5CFA5AA42C7A2E13000B1CE1 /* XCRemoteSwiftPackageReference "SDWebImageLottieCoder" */;
			productName = SDWebImageLottieCoder;
		};
/* End XCSwiftPackageProductDependency section */
	};
	rootObject = 5C24960D2C74D437009D4E24 /* Project object */;
}
